
Microsoft Visual Studio Solution File, Format Version 12.00
# Visual Studio 2012
Project("{FAE04EC0-301F-11D3-BF4B-00C04F79EFBC}") = "WeatherInfo", "WeatherInfo\WeatherInfo.csproj", "{20860ABD-B1E6-4D4B-A94E-7C693C319C68}"
EndProject
Project("{FAE04EC0-301F-11D3-BF4B-00C04F79EFBC}") = "WeatherService", "WeatherService\WeatherService.csproj", "{515E14AE-922E-4CE3-9209-EBC3FDE3827B}"
EndProject
Project("{FAE04EC0-301F-11D3-BF4B-00C04F79EFBC}") = "WeatherService.Tests", "WeatherService.Tests\WeatherService.Tests.csproj", "{1CD32E3F-94E4-4B0C-A77D-DD55EEE0BA9E}"
EndProject
Project("{FAE04EC0-301F-11D3-BF4B-00C04F79EFBC}") = "DataAccess", "DataAccess\DataAccess.csproj", "{20CC52F4-585B-4850-A66A-768D7EFB9CC9}"
EndProject
Project("{FAE04EC0-301F-11D3-BF4B-00C04F79EFBC}") = "Common", "Common\Common.csproj", "{FB145BAC-805C-42B1-A7BE-69AB62C0FF89}"
EndProject
Global
	GlobalSection(SolutionConfigurationPlatforms) = preSolution
		Debug|Any CPU = Debug|Any CPU
		Release|Any CPU = Release|Any CPU
	EndGlobalSection
	GlobalSection(ProjectConfigurationPlatforms) = postSolution
		{20860ABD-B1E6-4D4B-A94E-7C693C319C68}.Debug|Any CPU.ActiveCfg = Debug|Any CPU
		{20860ABD-B1E6-4D4B-A94E-7C693C319C68}.Debug|Any CPU.Build.0 = Debug|Any CPU
		{20860ABD-B1E6-4D4B-A94E-7C693C319C68}.Release|Any CPU.ActiveCfg = Release|Any CPU
		{20860ABD-B1E6-4D4B-A94E-7C693C319C68}.Release|Any CPU.Build.0 = Release|Any CPU
		{515E14AE-922E-4CE3-9209-EBC3FDE3827B}.Debug|Any CPU.ActiveCfg = Debug|Any CPU
		{515E14AE-922E-4CE3-9209-EBC3FDE3827B}.Debug|Any CPU.Build.0 = Debug|Any CPU
		{515E14AE-922E-4CE3-9209-EBC3FDE3827B}.Release|Any CPU.ActiveCfg = Release|Any CPU
		{515E14AE-922E-4CE3-9209-EBC3FDE3827B}.Release|Any CPU.Build.0 = Release|Any CPU
		{1CD32E3F-94E4-4B0C-A77D-DD55EEE0BA9E}.Debug|Any CPU.ActiveCfg = Debug|Any CPU
		{1CD32E3F-94E4-4B0C-A77D-DD55EEE0BA9E}.Debug|Any CPU.Build.0 = Debug|Any CPU
		{1CD32E3F-94E4-4B0C-A77D-DD55EEE0BA9E}.Release|Any CPU.ActiveCfg = Release|Any CPU
		{1CD32E3F-94E4-4B0C-A77D-DD55EEE0BA9E}.Release|Any CPU.Build.0 = Release|Any CPU
		{20CC52F4-585B-4850-A66A-768D7EFB9CC9}.Debug|Any CPU.ActiveCfg = Debug|Any CPU
		{20CC52F4-585B-4850-A66A-768D7EFB9CC9}.Debug|Any CPU.Build.0 = Debug|Any CPU
		{20CC52F4-585B-4850-A66A-768D7EFB9CC9}.Release|Any CPU.ActiveCfg = Release|Any CPU
		{20CC52F4-585B-4850-A66A-768D7EFB9CC9}.Release|Any CPU.Build.0 = Release|Any CPU
		{FB145BAC-805C-42B1-A7BE-69AB62C0FF89}.Debug|Any CPU.ActiveCfg = Debug|Any CPU
		{FB145BAC-805C-42B1-A7BE-69AB62C0FF89}.Debug|Any CPU.Build.0 = Debug|Any CPU
		{FB145BAC-805C-42B1-A7BE-69AB62C0FF89}.Release|Any CPU.ActiveCfg = Release|Any CPU
		{FB145BAC-805C-42B1-A7BE-69AB62C0FF89}.Release|Any CPU.Build.0 = Release|Any CPU
	EndGlobalSection
	GlobalSection(SolutionProperties) = preSolution
		HideSolutionNode = FALSE
	EndGlobalSection
EndGlobal
